
Microsoft Visual Studio Solution File, Format Version 12.00
# Visual Studio 15
VisualStudioVersion = 15.0.27703.2026
MinimumVisualStudioVersion = 10.0.40219.1
Project("{FAE04EC0-301F-11D3-BF4B-00C04F79EFBC}") = "Evaluator", "Evaluator.csproj", "{2AE639AA-E31D-4732-81D0-2F3C998C610C}"
EndProject
Global
	GlobalSection(SolutionConfigurationPlatforms) = preSolution
		Debug|Any CPU = Debug|Any CPU
		Release|Any CPU = Release|Any CPU
	EndGlobalSection
	GlobalSection(ProjectConfigurationPlatforms) = postSolution
		{2AE639AA-E31D-4732-81D0-2F3C998C610C}.Debug|Any CPU.ActiveCfg = Debug|Any CPU
		{2AE639AA-E31D-4732-81D0-2F3C998C610C}.Debug|Any CPU.Build.0 = Debug|Any CPU
		{2AE639AA-E31D-4732-81D0-2F3C998C610C}.Release|Any CPU.ActiveCfg = Release|Any CPU
		{2AE639AA-E31D-4732-81D0-2F3C998C610C}.Release|Any CPU.Build.0 = Release|Any CPU
	EndGlobalSection
	GlobalSection(SolutionProperties) = preSolution
		HideSolutionNode = FALSE
	EndGlobalSection
	GlobalSection(ExtensibilityGlobals) = postSolution
		SolutionGuid = {50304AE8-3CA6-443E-845E-49C3D69062E4}
	EndGlobalSection
EndGlobal
